
Microsoft Visual Studio Solution File, Format Version 12.00
# Visual Studio Version 17
VisualStudioVersion = 17.6.33712.159
MinimumVisualStudioVersion = 10.0.40219.1
Project("{FAE04EC0-301F-11D3-BF4B-00C04F79EFBC}") = "MagicVilla_API", "MagicVilla_API\MagicVilla_API.csproj", "{1A5846E4-3674-4DAE-A0DF-658FAE5A26FB}"
EndProject
Global
	GlobalSection(SolutionConfigurationPlatforms) = preSolution
		Debug|Any CPU = Debug|Any CPU
		Release|Any CPU = Release|Any CPU
	EndGlobalSection
	GlobalSection(ProjectConfigurationPlatforms) = postSolution
		{1A5846E4-3674-4DAE-A0DF-658FAE5A26FB}.Debug|Any CPU.ActiveCfg = Debug|Any CPU
		{1A5846E4-3674-4DAE-A0DF-658FAE5A26FB}.Debug|Any CPU.Build.0 = Debug|Any CPU
		{1A5846E4-3674-4DAE-A0DF-658FAE5A26FB}.Release|Any CPU.ActiveCfg = Release|Any CPU
		{1A5846E4-3674-4DAE-A0DF-658FAE5A26FB}.Release|Any CPU.Build.0 = Release|Any CPU
	EndGlobalSection
	GlobalSection(SolutionProperties) = preSolution
		HideSolutionNode = FALSE
	EndGlobalSection
	GlobalSection(ExtensibilityGlobals) = postSolution
		SolutionGuid = {C1B96B00-CDC5-4811-AD22-ADFCB03707D6}
	EndGlobalSection
EndGlobal
